
Microsoft Visual Studio Solution File, Format Version 12.00
# Visual Studio Version 16
VisualStudioVersion = 16.0.31727.386
MinimumVisualStudioVersion = 10.0.40219.1
Project("{9A19103F-16F7-4668-BE54-9A1E7A4F7556}") = "Be.Vlaanderen.Basisregisters.MessageHandling.RabbitMq", "..\src\Be.Vlaanderen.Basisregisters.MessageHandling.RabbitMq\Be.Vlaanderen.Basisregisters.MessageHandling.RabbitMq.csproj", "{8D3391FF-16A1-47E9-AB97-3543D0000A72}"
EndProject
Project("{9A19103F-16F7-4668-BE54-9A1E7A4F7556}") = "SamplePublisher", "SamplePublisher\SamplePublisher.csproj", "{8A750A14-15B7-4627-AFB6-83D10E104287}"
EndProject
Project("{9A19103F-16F7-4668-BE54-9A1E7A4F7556}") = "SampleReceiver", "SampleReceiver\SampleReceiver.csproj", "{2E5CEF7A-3CDC-4599-954D-BB0CAED24ECE}"
EndProject
Project("{9A19103F-16F7-4668-BE54-9A1E7A4F7556}") = "SampleReceiver1", "SampleReceiver1\SampleReceiver1.csproj", "{CCB19DFE-99BE-4249-A69F-F7CDE9B0362E}"
EndProject
Project("{2150E333-8FDC-42A3-9474-1A3956D46DE8}") = "RabbitMq", "RabbitMq", "{BD90AA77-991D-4A5D-9929-C17C4CB696F0}"
EndProject
Project("{2150E333-8FDC-42A3-9474-1A3956D46DE8}") = "KafkaSimple", "KafkaSimple", "{5ABD1754-63D9-4B6F-84C8-EAE9CE9BAEB3}"
EndProject
Project("{9A19103F-16F7-4668-BE54-9A1E7A4F7556}") = "Be.Vlaanderen.BasisRegisters.MessageHandling.Kafka.Simple", "..\src\Be.Vlaanderen.Basisregisters.MessageHandling.Kafka.Simple\Be.Vlaanderen.BasisRegisters.MessageHandling.Kafka.Simple.csproj", "{26DBDB91-626B-4A4A-926D-A059542BA06E}"
EndProject
Project("{D954291E-2A0B-460D-934E-DC6B0785DB48}") = "SampleSimpleKafkaMessages", "SampleSimpleKafkaMessages\SampleSimpleKafkaMessages.shproj", "{A1C7534C-F200-41EF-93EF-A6D69520F68A}"
EndProject
Project("{9A19103F-16F7-4668-BE54-9A1E7A4F7556}") = "SampleSimpleKafkaPublisher", "SampleSimpleKafkaPublisher\SampleSimpleKafkaPublisher.csproj", "{8A4B4A0E-FE3A-4CBE-B7C1-24D2BB1C5E3A}"
EndProject
Project("{9A19103F-16F7-4668-BE54-9A1E7A4F7556}") = "SampleSimpleKafkaSubscriber", "SampleSimpleKafkaSubscriber\SampleSimpleKafkaSubscriber.csproj", "{2F1AD8B3-53C4-4FD6-9319-E13AA7AA523F}"
EndProject
Global
	GlobalSection(SharedMSBuildProjectFiles) = preSolution
		SampleSimpleKafkaMessages\SampleSimpleKafkaMessages.projitems*{2f1ad8b3-53c4-4fd6-9319-e13aa7aa523f}*SharedItemsImports = 5
		SampleSimpleKafkaMessages\SampleSimpleKafkaMessages.projitems*{8a4b4a0e-fe3a-4cbe-b7c1-24d2bb1c5e3a}*SharedItemsImports = 5
		SampleSimpleKafkaMessages\SampleSimpleKafkaMessages.projitems*{a1c7534c-f200-41ef-93ef-a6d69520f68a}*SharedItemsImports = 13
	EndGlobalSection
	GlobalSection(SolutionConfigurationPlatforms) = preSolution
		Debug|Any CPU = Debug|Any CPU
		Release|Any CPU = Release|Any CPU
	EndGlobalSection
	GlobalSection(ProjectConfigurationPlatforms) = postSolution
		{8D3391FF-16A1-47E9-AB97-3543D0000A72}.Debug|Any CPU.ActiveCfg = Debug|Any CPU
		{8D3391FF-16A1-47E9-AB97-3543D0000A72}.Debug|Any CPU.Build.0 = Debug|Any CPU
		{8D3391FF-16A1-47E9-AB97-3543D0000A72}.Release|Any CPU.ActiveCfg = Release|Any CPU
		{8D3391FF-16A1-47E9-AB97-3543D0000A72}.Release|Any CPU.Build.0 = Release|Any CPU
		{8A750A14-15B7-4627-AFB6-83D10E104287}.Debug|Any CPU.ActiveCfg = Debug|Any CPU
		{8A750A14-15B7-4627-AFB6-83D10E104287}.Debug|Any CPU.Build.0 = Debug|Any CPU
		{8A750A14-15B7-4627-AFB6-83D10E104287}.Release|Any CPU.ActiveCfg = Release|Any CPU
		{8A750A14-15B7-4627-AFB6-83D10E104287}.Release|Any CPU.Build.0 = Release|Any CPU
		{2E5CEF7A-3CDC-4599-954D-BB0CAED24ECE}.Debug|Any CPU.ActiveCfg = Debug|Any CPU
		{2E5CEF7A-3CDC-4599-954D-BB0CAED24ECE}.Debug|Any CPU.Build.0 = Debug|Any CPU
		{2E5CEF7A-3CDC-4599-954D-BB0CAED24ECE}.Release|Any CPU.ActiveCfg = Release|Any CPU
		{2E5CEF7A-3CDC-4599-954D-BB0CAED24ECE}.Release|Any CPU.Build.0 = Release|Any CPU
		{CCB19DFE-99BE-4249-A69F-F7CDE9B0362E}.Debug|Any CPU.ActiveCfg = Debug|Any CPU
		{CCB19DFE-99BE-4249-A69F-F7CDE9B0362E}.Debug|Any CPU.Build.0 = Debug|Any CPU
		{CCB19DFE-99BE-4249-A69F-F7CDE9B0362E}.Release|Any CPU.ActiveCfg = Release|Any CPU
		{CCB19DFE-99BE-4249-A69F-F7CDE9B0362E}.Release|Any CPU.Build.0 = Release|Any CPU
		{26DBDB91-626B-4A4A-926D-A059542BA06E}.Debug|Any CPU.ActiveCfg = Debug|Any CPU
		{26DBDB91-626B-4A4A-926D-A059542BA06E}.Debug|Any CPU.Build.0 = Debug|Any CPU
		{26DBDB91-626B-4A4A-926D-A059542BA06E}.Release|Any CPU.ActiveCfg = Release|Any CPU
		{26DBDB91-626B-4A4A-926D-A059542BA06E}.Release|Any CPU.Build.0 = Release|Any CPU
		{8A4B4A0E-FE3A-4CBE-B7C1-24D2BB1C5E3A}.Debug|Any CPU.ActiveCfg = Debug|Any CPU
		{8A4B4A0E-FE3A-4CBE-B7C1-24D2BB1C5E3A}.Debug|Any CPU.Build.0 = Debug|Any CPU
		{8A4B4A0E-FE3A-4CBE-B7C1-24D2BB1C5E3A}.Release|Any CPU.ActiveCfg = Release|Any CPU
		{8A4B4A0E-FE3A-4CBE-B7C1-24D2BB1C5E3A}.Release|Any CPU.Build.0 = Release|Any CPU
		{2F1AD8B3-53C4-4FD6-9319-E13AA7AA523F}.Debug|Any CPU.ActiveCfg = Debug|Any CPU
		{2F1AD8B3-53C4-4FD6-9319-E13AA7AA523F}.Debug|Any CPU.Build.0 = Debug|Any CPU
		{2F1AD8B3-53C4-4FD6-9319-E13AA7AA523F}.Release|Any CPU.ActiveCfg = Release|Any CPU
		{2F1AD8B3-53C4-4FD6-9319-E13AA7AA523F}.Release|Any CPU.Build.0 = Release|Any CPU
	EndGlobalSection
	GlobalSection(SolutionProperties) = preSolution
		HideSolutionNode = FALSE
	EndGlobalSection
	GlobalSection(NestedProjects) = preSolution
		{8D3391FF-16A1-47E9-AB97-3543D0000A72} = {BD90AA77-991D-4A5D-9929-C17C4CB696F0}
		{8A750A14-15B7-4627-AFB6-83D10E104287} = {BD90AA77-991D-4A5D-9929-C17C4CB696F0}
		{2E5CEF7A-3CDC-4599-954D-BB0CAED24ECE} = {BD90AA77-991D-4A5D-9929-C17C4CB696F0}
		{CCB19DFE-99BE-4249-A69F-F7CDE9B0362E} = {BD90AA77-991D-4A5D-9929-C17C4CB696F0}
		{26DBDB91-626B-4A4A-926D-A059542BA06E} = {5ABD1754-63D9-4B6F-84C8-EAE9CE9BAEB3}
		{A1C7534C-F200-41EF-93EF-A6D69520F68A} = {5ABD1754-63D9-4B6F-84C8-EAE9CE9BAEB3}
		{8A4B4A0E-FE3A-4CBE-B7C1-24D2BB1C5E3A} = {5ABD1754-63D9-4B6F-84C8-EAE9CE9BAEB3}
		{2F1AD8B3-53C4-4FD6-9319-E13AA7AA523F} = {5ABD1754-63D9-4B6F-84C8-EAE9CE9BAEB3}
	EndGlobalSection
	GlobalSection(ExtensibilityGlobals) = postSolution
		SolutionGuid = {E07B1857-277C-4B3C-ACE1-E9911A52124E}
	EndGlobalSection
EndGlobal
